[root]
name = "rusty_sword"
version = "0.1.0"
dependencies = [
 "ears 0.4.0 (registry+https://github.com/rust-lang/crates.io-index)",
 "rand 0.3.15 (registry+https://github.com/rust-lang/crates.io-index)",
 "termion 1.4.0 (registry+https://github.com/rust-lang/crates.io-index)",
]

[[package]]
name = "ears"
version = "0.4.0"
source = "registry+https://github.com/rust-lang/crates.io-index"
dependencies = [
 "lazy_static 0.2.8 (registry+https://github.com/rust-lang/crates.io-index)",
 "libc 0.2.24 (registry+https://github.com/rust-lang/crates.io-index)",
]

[[package]]
name = "lazy_static"
version = "0.2.8"
source = "registry+https://github.com/rust-lang/crates.io-index"

[[package]]
name = "libc"
version = "0.2.24"
source = "registry+https://github.com/rust-lang/crates.io-index"

[[package]]
name = "rand"
version = "0.3.15"
source = "registry+https://github.com/rust-lang/crates.io-index"
dependencies = [
 "libc 0.2.24 (registry+https://github.com/rust-lang/crates.io-index)",
]

[[package]]
name = "termion"
version = "1.4.0"
source = "registry+https://github.com/rust-lang/crates.io-index"
dependencies = [
 "libc 0.2.24 (registry+https://github.com/rust-lang/crates.io-index)",
]

[metadata]
"checksum ears 0.4.0 (registry+https://github.com/rust-lang/crates.io-index)" = "d7c8bc562dacc4221be0fd025fa58471886a4ebd31fdbb4017ee47419bebdc22"
"checksum lazy_static 0.2.8 (registry+https://github.com/rust-lang/crates.io-index)" = "3b37545ab726dd833ec6420aaba8231c5b320814b9029ad585555d2a03e94fbf"
"checksum libc 0.2.24 (registry+https://github.com/rust-lang/crates.io-index)" = "38f5c2b18a287cf78b4097db62e20f43cace381dc76ae5c0a3073067f78b7ddc"
"checksum rand 0.3.15 (registry+https://github.com/rust-lang/crates.io-index)" = "022e0636ec2519ddae48154b028864bdce4eaf7d35226ab8e65c611be97b189d"
"checksum termion 1.4.0 (registry+https://github.com/rust-lang/crates.io-index)" = "9105678ba52491a8e38e67be7842435ac44d7797b9b05bcdad370b0c84559615"
